
Microsoft Visual Studio Solution File, Format Version 12.00
# Visual Studio 15
VisualStudioVersion = 15.0.28307.329
MinimumVisualStudioVersion = 10.0.40219.1
Project("{FAE04EC0-301F-11D3-BF4B-00C04F79EFBC}") = "UpdateTranslations", "UpdateTranslations\UpdateTranslations.csproj", "{0B43FBA3-52A5-4DDA-8BDA-B98A0979EA6A}"
EndProject
Global
	GlobalSection(SolutionConfigurationPlatforms) = preSolution
		Debug|Any CPU = Debug|Any CPU
		Release|Any CPU = Release|Any CPU
	EndGlobalSection
	GlobalSection(ProjectConfigurationPlatforms) = postSolution
		{0B43FBA3-52A5-4DDA-8BDA-B98A0979EA6A}.Debug|Any CPU.ActiveCfg = Debug|Any CPU
		{0B43FBA3-52A5-4DDA-8BDA-B98A0979EA6A}.Debug|Any CPU.Build.0 = Debug|Any CPU
		{0B43FBA3-52A5-4DDA-8BDA-B98A0979EA6A}.Release|Any CPU.ActiveCfg = Release|Any CPU
		{0B43FBA3-52A5-4DDA-8BDA-B98A0979EA6A}.Release|Any CPU.Build.0 = Release|Any CPU
	EndGlobalSection
	GlobalSection(SolutionProperties) = preSolution
		HideSolutionNode = FALSE
	EndGlobalSection
	GlobalSection(ExtensibilityGlobals) = postSolution
		SolutionGuid = {8EBFE231-A2BB-4480-91D5-70DC538EE064}
	EndGlobalSection
EndGlobal
